
Microsoft Visual Studio Solution File, Format Version 12.00
# Visual Studio Version 17
VisualStudioVersion = 17.4.33205.214
MinimumVisualStudioVersion = 10.0.40219.1
Project("{FAE04EC0-301F-11D3-BF4B-00C04F79EFBC}") = "RegexUCs", "RegexUCs\RegexUCs.csproj", "{DF60E0DE-F080-4E44-9E39-E1E3ED51BDED}"
EndProject
Global
	GlobalSection(SolutionConfigurationPlatforms) = preSolution
		Debug|Any CPU = Debug|Any CPU
		Release|Any CPU = Release|Any CPU
	EndGlobalSection
	GlobalSection(ProjectConfigurationPlatforms) = postSolution
		{DF60E0DE-F080-4E44-9E39-E1E3ED51BDED}.Debug|Any CPU.ActiveCfg = Debug|Any CPU
		{DF60E0DE-F080-4E44-9E39-E1E3ED51BDED}.Debug|Any CPU.Build.0 = Debug|Any CPU
		{DF60E0DE-F080-4E44-9E39-E1E3ED51BDED}.Release|Any CPU.ActiveCfg = Release|Any CPU
		{DF60E0DE-F080-4E44-9E39-E1E3ED51BDED}.Release|Any CPU.Build.0 = Release|Any CPU
	EndGlobalSection
	GlobalSection(SolutionProperties) = preSolution
		HideSolutionNode = FALSE
	EndGlobalSection
	GlobalSection(ExtensibilityGlobals) = postSolution
		SolutionGuid = {C0EC502C-E299-4607-8AE1-FD0BE59437F8}
	EndGlobalSection
EndGlobal
